
Microsoft Visual Studio Solution File, Format Version 12.00
# Visual Studio 2012
Project("{FAE04EC0-301F-11D3-BF4B-00C04F79EFBC}") = "CoreRestApi", "CoreRestApi\CoreRestApi.csproj", "{366E87B2-2DF1-4EFA-B339-07C9E76E6B26}"
EndProject
Global
	GlobalSection(SolutionConfigurationPlatforms) = preSolution
		Debug|Any CPU = Debug|Any CPU
		Release|Any CPU = Release|Any CPU
	EndGlobalSection
	GlobalSection(ProjectConfigurationPlatforms) = postSolution
		{366E87B2-2DF1-4EFA-B339-07C9E76E6B26}.Debug|Any CPU.ActiveCfg = Debug|Any CPU
		{366E87B2-2DF1-4EFA-B339-07C9E76E6B26}.Debug|Any CPU.Build.0 = Debug|Any CPU
		{366E87B2-2DF1-4EFA-B339-07C9E76E6B26}.Release|Any CPU.ActiveCfg = Release|Any CPU
		{366E87B2-2DF1-4EFA-B339-07C9E76E6B26}.Release|Any CPU.Build.0 = Release|Any CPU
	EndGlobalSection
EndGlobal
